{
  "nodes": {
    "home-manager": {
      "inputs": {
        "nixpkgs": [
          "nixpkgs"
        ]
      },
      "locked": {
        "lastModified": 1700814205,
        "narHash": "sha256-lWqDPKHRbQfi+zNIivf031BUeyciVOtwCwTjyrhDB5g=",
        "owner": "nix-community",
        "repo": "home-manager",
        "rev": "aeb2232d7a32530d3448318790534d196bf9427a",
        "type": "github"
      },
      "original": {
        "owner": "nix-community",
        "ref": "release-23.11",
        "repo": "home-manager",
        "type": "github"
      }
    },
    "nixpkgs": {
      "locked": {
        "lastModified": 1701389149,
        "narHash": "sha256-rU1suTIEd5DGCaAXKW6yHoCfR1mnYjOXQFOaH7M23js=",
        "owner": "NixOS",
        "repo": "nixpkgs",
        "rev": "5de0b32be6e85dc1a9404c75131316e4ffbc634c",
        "type": "github"
      },
      "original": {
        "owner": "NixOS",
        "ref": "nixos-23.11",
        "repo": "nixpkgs",
        "type": "github"
      }
    },
    "nixpkgs-stable": {
      "locked": {
        "lastModified": 1701568804,
        "narHash": "sha256-iwr1fjOCvlirVL/xNvOTwY9kg3L/F3TC/7yh/QszaPI=",
        "owner": "NixOS",
        "repo": "nixpkgs",
        "rev": "dc01248a9c946953ad4d438b0a626f5c987a93e4",
        "type": "github"
      },
      "original": {
        "owner": "NixOS",
        "ref": "release-23.05",
        "repo": "nixpkgs",
        "type": "github"
      }
    },
    "nixpkgs-unstable": {
      "locked": {
        "lastModified": 1701253981,
        "narHash": "sha256-ztaDIyZ7HrTAfEEUt9AtTDNoCYxUdSd6NrRHaYOIxtk=",
        "owner": "NixOS",
        "repo": "nixpkgs",
        "rev": "e92039b55bcd58469325ded85d4f58dd5a4eaf58",
        "type": "github"
      },
      "original": {
        "owner": "NixOS",
        "ref": "nixos-unstable",
        "repo": "nixpkgs",
        "type": "github"
      }
    },
    "root": {
      "inputs": {
        "home-manager": "home-manager",
        "nixpkgs": "nixpkgs",
        "nixpkgs-unstable": "nixpkgs-unstable",
        "sops-nix": "sops-nix"
      }
    },
    "sops-nix": {
      "inputs": {
        "nixpkgs": [
          "nixpkgs"
        ],
        "nixpkgs-stable": "nixpkgs-stable"
      },
      "locked": {
        "lastModified": 1701572436,
        "narHash": "sha256-0anfOQqDend6kSuF8CmOSAZsiAS1nwOsin5VQukh6Q4=",
        "owner": "Mic92",
        "repo": "sops-nix",
        "rev": "8bca48cb9a12bbd8766f359ad00336924e91b7f7",
        "type": "github"
      },
      "original": {
        "owner": "Mic92",
        "repo": "sops-nix",
        "type": "github"
      }
    }
  },
  "root": "root",
  "version": 7
}
